
Microsoft Visual Studio Solution File, Format Version 12.00
# Visual Studio Version 16
VisualStudioVersion = 16.0.30011.22
MinimumVisualStudioVersion = 10.0.40219.1
Project("{FAE04EC0-301F-11D3-BF4B-00C04F79EFBC}") = "DofLog", "DofLog\DofLog.csproj", "{52EA63A9-F9A4-4B2D-87FE-95C539957C97}"
EndProject
Global
	GlobalSection(SolutionConfigurationPlatforms) = preSolution
		Debug|Any CPU = Debug|Any CPU
		Release|Any CPU = Release|Any CPU
	EndGlobalSection
	GlobalSection(ProjectConfigurationPlatforms) = postSolution
		{52EA63A9-F9A4-4B2D-87FE-95C539957C97}.Debug|Any CPU.ActiveCfg = Debug|Any CPU
		{52EA63A9-F9A4-4B2D-87FE-95C539957C97}.Debug|Any CPU.Build.0 = Debug|Any CPU
		{52EA63A9-F9A4-4B2D-87FE-95C539957C97}.Release|Any CPU.ActiveCfg = Release|Any CPU
		{52EA63A9-F9A4-4B2D-87FE-95C539957C97}.Release|Any CPU.Build.0 = Release|Any CPU
	EndGlobalSection
	GlobalSection(SolutionProperties) = preSolution
		HideSolutionNode = FALSE
	EndGlobalSection
	GlobalSection(ExtensibilityGlobals) = postSolution
		SolutionGuid = {6165F86C-041C-4D11-8401-D383AFB8B148}
	EndGlobalSection
EndGlobal
